<?xml version="1.0" encoding="utf-8"?>
<Project ToolsVersion="4.0" xmlns="http://schemas.microsoft.com/developer/msbuild/2003">
  <ItemGroup>
    <Filter Include="Resource Files">
      <UniqueIdentifier>{67DA6AB6-F800-4c08-8B7A-83BB121AAD01}</UniqueIdentifier>
      <Extensions>rc;ico;cur;bmp;dlg;rc2;rct;bin;rgs;gif;jpg;jpeg;jpe;resx;tiff;tif;png;wav;mfcribbon-ms</Extensions>
    </Filter>
    <Filter Include="Engine">
      <UniqueIdentifier>{f91b006f-4b39-4b3e-89bd-78263f6a3ae3}</UniqueIdentifier>
    </Filter>
    <Filter Include="Game">
      <UniqueIdentifier>{36a5ffc4-e9fd-4acf-b3e1-9e82ff06f788}</UniqueIdentifier>
    </Filter>
    <Filter Include="Engine\Header Files">
      <UniqueIdentifier>{93995380-89BD-4b04-88EB-625FBE52EBFB}</UniqueIdentifier>
      <Extensions>h;hh;hpp;hxx;h++;hm;inl;inc;ipp;xsd</Extensions>
    </Filter>
    <Filter Include="Engine\Header Files\UI">
      <UniqueIdentifier>{aa321768-48e4-4470-ba7b-9298e05b856c}</UniqueIdentifier>
    </Filter>
    <Filter Include="Engine\Source Files">
      <UniqueIdentifier>{4FC737F1-C7A5-4376-A066-2A32D752A2FF}</UniqueIdentifier>
      <Extensions>cpp;c;cc;cxx;c++;cppm;ixx;def;odl;idl;hpj;bat;asm;asmx</Extensions>
    </Filter>
    <Filter Include="Engine\Source Files\UI">
      <UniqueIdentifier>{9b335fe1-36e2-4a2f-86ef-731684649362}</UniqueIdentifier>
    </Filter>
  </ItemGroup>
  <ItemGroup>
    <ClCompile Include="KrokEngine\Essentials\Game.cpp">
      <Filter>Engine\Source Files</Filter>
    </ClCompile>
    <ClCompile Include="KrokEngine\Core\Graphics\Renderer.cpp">
      <Filter>Engine\Source Files</Filter>
    </ClCompile>
    <ClCompile Include="KrokEngine\Core\Graphics\ImageGameObject.cpp">
      <Filter>Engine\Source Files</Filter>
    </ClCompile>
    <ClCompile Include="KrokEngine\Essentials\Vec2.cpp">
      <Filter>Engine\Source Files</Filter>
    </ClCompile>
    <ClCompile Include="KrokEngine\Essentials\GameObject.cpp">
      <Filter>Engine\Source Files</Filter>
    </ClCompile>
    <ClCompile Include="KrokEngine\Core\UpdateManager\UpdateManager.cpp">
      <Filter>Engine\Source Files</Filter>
    </ClCompile>
    <ClCompile Include="KrokEngine\Core\SceneManager\SceneManager.cpp">
      <Filter>Engine\Source Files</Filter>
    </ClCompile>
    <ClCompile Include="KrokEngine\Core\SceneManager\Scene.cpp">
      <Filter>Engine\Source Files</Filter>
    </ClCompile>
    <ClCompile Include="KrokEngine\Core\EventHandeler\EventHandeler.cpp">
      <Filter>Engine\Source Files</Filter>
    </ClCompile>
    <ClCompile Include="KrokEngine\Core\UI\UI.cpp">
      <Filter>Engine\Source Files\UI</Filter>
    </ClCompile>
    <ClCompile Include="KrokEngine\Core\UI\UIElement.cpp">
      <Filter>Engine\Source Files\UI</Filter>
    </ClCompile>
    <ClCompile Include="KrokEngine\Core\UI\Button.cpp">
      <Filter>Engine\Source Files\UI</Filter>
    </ClCompile>
    <ClCompile Include="KrokEngine\Core\UI\Clickable.cpp">
      <Filter>Engine\Source Files\UI</Filter>
    </ClCompile>
    <ClCompile Include="KrokEngine\Core\UI\Hoverable.cpp">
      <Filter>Engine\Source Files\UI</Filter>
    </ClCompile>
    <ClCompile Include="main.cpp">
      <Filter>Game</Filter>
    </ClCompile>
  </ItemGroup>
  <ItemGroup>
    <ClInclude Include="KrokEngine\Essentials\Game.hpp">
      <Filter>Engine\Header Files</Filter>
    </ClInclude>
    <ClInclude Include="KrokEngine\Core\Graphics\Renderer.hpp">
      <Filter>Engine\Header Files</Filter>
    </ClInclude>
    <ClInclude Include="KrokEngine\Core\Graphics\ImageGameObject.hpp">
      <Filter>Engine\Header Files</Filter>
    </ClInclude>
    <ClInclude Include="KrokEngine\Essentials\GameObject.hpp">
      <Filter>Engine\Header Files</Filter>
    </ClInclude>
    <ClInclude Include="KrokEngine\Essentials\Vec2.hpp">
      <Filter>Engine\Header Files</Filter>
    </ClInclude>
    <ClInclude Include="KrokEngine\Core\UpdateManager\UpdateManager.hpp">
      <Filter>Engine\Header Files</Filter>
    </ClInclude>
    <ClInclude Include="KrokEngine\Core\Graphics\RenderLayer.hpp">
      <Filter>Engine\Header Files</Filter>
    </ClInclude>
    <ClInclude Include="KrokEngine\KrokEngine.hpp">
      <Filter>Engine\Header Files</Filter>
    </ClInclude>
    <ClInclude Include="KrokEngine\Core\SceneManager\SceneManager.hpp">
      <Filter>Engine\Header Files</Filter>
    </ClInclude>
    <ClInclude Include="KrokEngine\Core\SceneManager\Scene.hpp">
      <Filter>Engine\Header Files</Filter>
    </ClInclude>
    <ClInclude Include="main.h">
      <Filter>Engine\Header Files</Filter>
    </ClInclude>
    <ClInclude Include="KrokEngine\Core\EventHandeler\EventHandeler.hpp">
      <Filter>Engine\Header Files</Filter>
    </ClInclude>
    <ClInclude Include="KrokEngine\Core\UI\Button.hpp">
      <Filter>Engine\Header Files\UI</Filter>
    </ClInclude>
    <ClInclude Include="KrokEngine\Core\UI\Clickable.hpp">
      <Filter>Engine\Header Files\UI</Filter>
    </ClInclude>
    <ClInclude Include="KrokEngine\Core\UI\UI.hpp">
      <Filter>Engine\Header Files\UI</Filter>
    </ClInclude>
    <ClInclude Include="KrokEngine\Core\UI\UIElement.hpp">
      <Filter>Engine\Header Files\UI</Filter>
    </ClInclude>
    <ClInclude Include="KrokEngine\Core\UI\Hoverable.hpp">
      <Filter>Engine\Header Files\UI</Filter>
    </ClInclude>
  </ItemGroup>
</Project>